{
    "_meta": {
        "hash": {
            "sha256": "d6cb05bd91f744ee2d69c2304f11c3ad941b601cdec8b24b7ab2ee3cf9866e84"
        },
        "host-environment-markers": {
            "implementation_name": "cpython",
            "implementation_version": "3.7.1",
            "os_name": "posix",
            "platform_machine": "x86_64",
            "platform_python_implementation": "CPython",
            "platform_release": "18.2.0",
            "platform_system": "Darwin",
            "platform_version": "Darwin Kernel Version 18.2.0: Fri Dec 14 18:43:36 PST 2018; root:xnu-4903.240.10~4/RELEASE_X86_64",
            "python_full_version": "3.7.1",
            "python_version": "3.7",
            "sys_platform": "darwin"
        },
        "pipfile-spec": 6,
        "requires": {
            "python_version": "3.7"
        },
        "sources": [
            {
                "name": "pypi",
                "url": "https://pypi.python.org/simple",
                "verify_ssl": true
            }
        ]
    },
    "default": {
        "toml": {
            "hashes": [
                "sha256:f1db651f9657708513243e61e6cc67d101a39bad662eaa9b5546f789338e07a3",
                "sha256:235682dd292d5899d361a811df37e04a8828a5b1da3115886b73cf81ebc9100e",
                "sha256:229f81c57791a41d65e399fc06bf0848bab550a9dfd5ed66df18ce5f05e73d5c"
            ],
            "version": "==0.10.0"
        }
    },
    "develop": {}
}
